
Microsoft Visual Studio Solution File, Format Version 12.00
# Visual Studio Version 17
VisualStudioVersion = 17.7.34024.191
MinimumVisualStudioVersion = 10.0.40219.1
Project("{FAE04EC0-301F-11D3-BF4B-00C04F79EFBC}") = "HMS.Web", "HMS.Web\HMS.Web.csproj", "{B73883E2-DA0C-4E68-B062-FFDF22060AF0}"
EndProject
Global
	GlobalSection(SolutionConfigurationPlatforms) = preSolution
		Debug|Any CPU = Debug|Any CPU
		Release|Any CPU = Release|Any CPU
	EndGlobalSection
	GlobalSection(ProjectConfigurationPlatforms) = postSolution
		{B73883E2-DA0C-4E68-B062-FFDF22060AF0}.Debug|Any CPU.ActiveCfg = Debug|Any CPU
		{B73883E2-DA0C-4E68-B062-FFDF22060AF0}.Debug|Any CPU.Build.0 = Debug|Any CPU
		{B73883E2-DA0C-4E68-B062-FFDF22060AF0}.Release|Any CPU.ActiveCfg = Release|Any CPU
		{B73883E2-DA0C-4E68-B062-FFDF22060AF0}.Release|Any CPU.Build.0 = Release|Any CPU
	EndGlobalSection
	GlobalSection(SolutionProperties) = preSolution
		HideSolutionNode = FALSE
	EndGlobalSection
	GlobalSection(ExtensibilityGlobals) = postSolution
		SolutionGuid = {924DC917-D201-4898-AD78-EE31D995E8CC}
	EndGlobalSection
EndGlobal
